
Microsoft Visual Studio Solution File, Format Version 12.00
# Visual Studio 15
VisualStudioVersion = 15.0.26124.0
MinimumVisualStudioVersion = 15.0.26124.0
Project("{FAE04EC0-301F-11D3-BF4B-00C04F79EFBC}") = "Domain", "Domain\Domain.csproj", "{B7612374-9405-47B9-A60D-321B86458C40}"
EndProject
Project("{FAE04EC0-301F-11D3-BF4B-00C04F79EFBC}") = "Application", "Application\Application.csproj", "{780C2389-4A7F-48EA-8848-F4B072B09C93}"
EndProject
Project("{FAE04EC0-301F-11D3-BF4B-00C04F79EFBC}") = "Persistence", "Persistence\Persistence.csproj", "{9F172C9B-3761-40F1-B298-471FE1DF8EF6}"
EndProject
Project("{FAE04EC0-301F-11D3-BF4B-00C04F79EFBC}") = "API", "API\API.csproj", "{CF222BCA-6A73-419F-BF73-EDD9F3C3FFB8}"
EndProject
Global
	GlobalSection(SolutionConfigurationPlatforms) = preSolution
		Debug|Any CPU = Debug|Any CPU
		Debug|x64 = Debug|x64
		Debug|x86 = Debug|x86
		Release|Any CPU = Release|Any CPU
		Release|x64 = Release|x64
		Release|x86 = Release|x86
	EndGlobalSection
	GlobalSection(SolutionProperties) = preSolution
		HideSolutionNode = FALSE
	EndGlobalSection
	GlobalSection(ProjectConfigurationPlatforms) = postSolution
		{B7612374-9405-47B9-A60D-321B86458C40}.Debug|Any CPU.ActiveCfg = Debug|Any CPU
		{B7612374-9405-47B9-A60D-321B86458C40}.Debug|Any CPU.Build.0 = Debug|Any CPU
		{B7612374-9405-47B9-A60D-321B86458C40}.Debug|x64.ActiveCfg = Debug|Any CPU
		{B7612374-9405-47B9-A60D-321B86458C40}.Debug|x64.Build.0 = Debug|Any CPU
		{B7612374-9405-47B9-A60D-321B86458C40}.Debug|x86.ActiveCfg = Debug|Any CPU
		{B7612374-9405-47B9-A60D-321B86458C40}.Debug|x86.Build.0 = Debug|Any CPU
		{B7612374-9405-47B9-A60D-321B86458C40}.Release|Any CPU.ActiveCfg = Release|Any CPU
		{B7612374-9405-47B9-A60D-321B86458C40}.Release|Any CPU.Build.0 = Release|Any CPU
		{B7612374-9405-47B9-A60D-321B86458C40}.Release|x64.ActiveCfg = Release|Any CPU
		{B7612374-9405-47B9-A60D-321B86458C40}.Release|x64.Build.0 = Release|Any CPU
		{B7612374-9405-47B9-A60D-321B86458C40}.Release|x86.ActiveCfg = Release|Any CPU
		{B7612374-9405-47B9-A60D-321B86458C40}.Release|x86.Build.0 = Release|Any CPU
		{780C2389-4A7F-48EA-8848-F4B072B09C93}.Debug|Any CPU.ActiveCfg = Debug|Any CPU
		{780C2389-4A7F-48EA-8848-F4B072B09C93}.Debug|Any CPU.Build.0 = Debug|Any CPU
		{780C2389-4A7F-48EA-8848-F4B072B09C93}.Debug|x64.ActiveCfg = Debug|Any CPU
		{780C2389-4A7F-48EA-8848-F4B072B09C93}.Debug|x64.Build.0 = Debug|Any CPU
		{780C2389-4A7F-48EA-8848-F4B072B09C93}.Debug|x86.ActiveCfg = Debug|Any CPU
		{780C2389-4A7F-48EA-8848-F4B072B09C93}.Debug|x86.Build.0 = Debug|Any CPU
		{780C2389-4A7F-48EA-8848-F4B072B09C93}.Release|Any CPU.ActiveCfg = Release|Any CPU
		{780C2389-4A7F-48EA-8848-F4B072B09C93}.Release|Any CPU.Build.0 = Release|Any CPU
		{780C2389-4A7F-48EA-8848-F4B072B09C93}.Release|x64.ActiveCfg = Release|Any CPU
		{780C2389-4A7F-48EA-8848-F4B072B09C93}.Release|x64.Build.0 = Release|Any CPU
		{780C2389-4A7F-48EA-8848-F4B072B09C93}.Release|x86.ActiveCfg = Release|Any CPU
		{780C2389-4A7F-48EA-8848-F4B072B09C93}.Release|x86.Build.0 = Release|Any CPU
		{9F172C9B-3761-40F1-B298-471FE1DF8EF6}.Debug|Any CPU.ActiveCfg = Debug|Any CPU
		{9F172C9B-3761-40F1-B298-471FE1DF8EF6}.Debug|Any CPU.Build.0 = Debug|Any CPU
		{9F172C9B-3761-40F1-B298-471FE1DF8EF6}.Debug|x64.ActiveCfg = Debug|Any CPU
		{9F172C9B-3761-40F1-B298-471FE1DF8EF6}.Debug|x64.Build.0 = Debug|Any CPU
		{9F172C9B-3761-40F1-B298-471FE1DF8EF6}.Debug|x86.ActiveCfg = Debug|Any CPU
		{9F172C9B-3761-40F1-B298-471FE1DF8EF6}.Debug|x86.Build.0 = Debug|Any CPU
		{9F172C9B-3761-40F1-B298-471FE1DF8EF6}.Release|Any CPU.ActiveCfg = Release|Any CPU
		{9F172C9B-3761-40F1-B298-471FE1DF8EF6}.Release|Any CPU.Build.0 = Release|Any CPU
		{9F172C9B-3761-40F1-B298-471FE1DF8EF6}.Release|x64.ActiveCfg = Release|Any CPU
		{9F172C9B-3761-40F1-B298-471FE1DF8EF6}.Release|x64.Build.0 = Release|Any CPU
		{9F172C9B-3761-40F1-B298-471FE1DF8EF6}.Release|x86.ActiveCfg = Release|Any CPU
		{9F172C9B-3761-40F1-B298-471FE1DF8EF6}.Release|x86.Build.0 = Release|Any CPU
		{CF222BCA-6A73-419F-BF73-EDD9F3C3FFB8}.Debug|Any CPU.ActiveCfg = Debug|Any CPU
		{CF222BCA-6A73-419F-BF73-EDD9F3C3FFB8}.Debug|Any CPU.Build.0 = Debug|Any CPU
		{CF222BCA-6A73-419F-BF73-EDD9F3C3FFB8}.Debug|x64.ActiveCfg = Debug|Any CPU
		{CF222BCA-6A73-419F-BF73-EDD9F3C3FFB8}.Debug|x64.Build.0 = Debug|Any CPU
		{CF222BCA-6A73-419F-BF73-EDD9F3C3FFB8}.Debug|x86.ActiveCfg = Debug|Any CPU
		{CF222BCA-6A73-419F-BF73-EDD9F3C3FFB8}.Debug|x86.Build.0 = Debug|Any CPU
		{CF222BCA-6A73-419F-BF73-EDD9F3C3FFB8}.Release|Any CPU.ActiveCfg = Release|Any CPU
		{CF222BCA-6A73-419F-BF73-EDD9F3C3FFB8}.Release|Any CPU.Build.0 = Release|Any CPU
		{CF222BCA-6A73-419F-BF73-EDD9F3C3FFB8}.Release|x64.ActiveCfg = Release|Any CPU
		{CF222BCA-6A73-419F-BF73-EDD9F3C3FFB8}.Release|x64.Build.0 = Release|Any CPU
		{CF222BCA-6A73-419F-BF73-EDD9F3C3FFB8}.Release|x86.ActiveCfg = Release|Any CPU
		{CF222BCA-6A73-419F-BF73-EDD9F3C3FFB8}.Release|x86.Build.0 = Release|Any CPU
	EndGlobalSection
EndGlobal
